
Microsoft Visual Studio Solution File, Format Version 11.00
# Visual Studio 2010
Project("{F184B08F-C81C-45F6-A57F-5ABD9991F28F}") = "Ember Media Manager", "Ember Media Manager\Ember Media Manager.vbproj", "{9B57D3AB-AF12-4012-B945-284C2448DC81}"
EndProject
Project("{F184B08F-C81C-45F6-A57F-5ABD9991F28F}") = "EmberAPI", "EmberAPI\EmberAPI.vbproj", "{208AA35E-C6AE-4D2D-A9DD-B6EFD19A4279}"
EndProject
Project("{2150E333-8FDC-42A3-9474-1A3956D46DE8}") = "Addons", "Addons", "{4FD2B635-11BD-4532-96F6-97ECB41072A1}"
EndProject
Project("{F184B08F-C81C-45F6-A57F-5ABD9991F28F}") = "generic.EmberCore.BulkRename", "Addons\generic.EmberCore.BulkRename\generic.EmberCore.BulkRename.vbproj", "{EAAB0601-6478-44D2-A39C-89B0850D7833}"
EndProject
Project("{F184B08F-C81C-45F6-A57F-5ABD9991F28F}") = "generic.EmberCore.Extractor", "Addons\generic.EmberCore.Extractor\generic.EmberCore.Extractor.vbproj", "{B413DEAF-4FDC-416A-B3E0-968C1C8F3F83}"
EndProject
Project("{F184B08F-C81C-45F6-A57F-5ABD9991F28F}") = "generic.EmberCore.MediaFileManager", "Addons\generic.EmberCore.MediaFileManager\generic.EmberCore.MediaFileManager.vbproj", "{F6CACA89-E8E4-45D9-B942-97FBD4ADD106}"
EndProject
Project("{F184B08F-C81C-45F6-A57F-5ABD9991F28F}") = "generic.EmberCore.MovieExporter", "Addons\generic.EmberCore.MovieExport\generic.EmberCore.MovieExporter.vbproj", "{B0BDF9C2-EB9C-4090-B9A9-B703DF00CCEF}"
EndProject
Project("{F184B08F-C81C-45F6-A57F-5ABD9991F28F}") = "generic.EmberCore.NMT", "Addons\generic.EmberCore.NMT\generic.EmberCore.NMT.vbproj", "{84B2143A-D04F-4262-923D-21AEDF86E2B7}"
EndProject
Project("{F184B08F-C81C-45F6-A57F-5ABD9991F28F}") = "generic.EmberCore.Notifications", "Addons\generic.EmberCore.Notifications\generic.EmberCore.Notifications.vbproj", "{2A08A524-88DA-432F-92E6-8DC63C5376DA}"
EndProject
Project("{F184B08F-C81C-45F6-A57F-5ABD9991F28F}") = "generic.EmberCore.OfflineHolder", "Addons\generic.EmberCore.OfflineHolder\generic.EmberCore.OfflineHolder.vbproj", "{E7FDD1C9-BCF7-4624-B033-D3888E422A8B}"
EndProject
Project("{F184B08F-C81C-45F6-A57F-5ABD9991F28F}") = "generic.EmberCore.WebServer", "Addons\generic.EmberCore.WebServer\generic.EmberCore.WebServer.vbproj", "{64D6F035-F186-4193-AF35-D20126B8DA64}"
EndProject
Project("{F184B08F-C81C-45F6-A57F-5ABD9991F28F}") = "generic.EmberCore.XBMC", "Addons\generic.EmberCore.XBMC\generic.EmberCore.XBMC.vbproj", "{6FE33C61-E2C2-4982-9536-63AEF0A98AAA}"
EndProject
Project("{F184B08F-C81C-45F6-A57F-5ABD9991F28F}") = "multi.Compatibility", "Addons\multi.Compatibility\multi.Compatibility.vbproj", "{859C1085-518B-49D2-9C84-D91C4094097F}"
EndProject
Project("{F184B08F-C81C-45F6-A57F-5ABD9991F28F}") = "multi.EmberExtras", "Addons\multi.EmberExtras\multi.EmberExtras.vbproj", "{62356BCF-D15A-4BF1-B980-395CEC0004A9}"
EndProject
Project("{F184B08F-C81C-45F6-A57F-5ABD9991F28F}") = "scraper.EmberCore", "Addons\scraper.EmberCore\scraper.EmberCore.vbproj", "{EF6A550E-DD76-4F4D-8250-8598140F828B}"
EndProject
Project("{F184B08F-C81C-45F6-A57F-5ABD9991F28F}") = "scraper.EmberCore.XML", "Addons\scraper.EmberCore.XML\scraper.EmberCore.XML.vbproj", "{E567C031-1F7B-4637-9B3A-806988DE50CF}"
EndProject
Project("{F184B08F-C81C-45F6-A57F-5ABD9991F28F}") = "scraper.Rogue", "Addons\scraper.Rogue\scraper.Rogue.vbproj", "{080793AD-A5AB-4228-887F-C3488552377E}"
EndProject
Global
	GlobalSection(SolutionConfigurationPlatforms) = preSolution
		Debug|Any CPU = Debug|Any CPU
		Release|Any CPU = Release|Any CPU
	EndGlobalSection
	GlobalSection(ProjectConfigurationPlatforms) = postSolution
		{9B57D3AB-AF12-4012-B945-284C2448DC81}.Debug|Any CPU.ActiveCfg = Debug|Any CPU
		{9B57D3AB-AF12-4012-B945-284C2448DC81}.Debug|Any CPU.Build.0 = Debug|Any CPU
		{9B57D3AB-AF12-4012-B945-284C2448DC81}.Release|Any CPU.ActiveCfg = Release|Any CPU
		{9B57D3AB-AF12-4012-B945-284C2448DC81}.Release|Any CPU.Build.0 = Release|Any CPU
		{208AA35E-C6AE-4D2D-A9DD-B6EFD19A4279}.Debug|Any CPU.ActiveCfg = Debug|Any CPU
		{208AA35E-C6AE-4D2D-A9DD-B6EFD19A4279}.Debug|Any CPU.Build.0 = Debug|Any CPU
		{208AA35E-C6AE-4D2D-A9DD-B6EFD19A4279}.Release|Any CPU.ActiveCfg = Release|Any CPU
		{208AA35E-C6AE-4D2D-A9DD-B6EFD19A4279}.Release|Any CPU.Build.0 = Release|Any CPU
		{EAAB0601-6478-44D2-A39C-89B0850D7833}.Debug|Any CPU.ActiveCfg = Debug|Any CPU
		{EAAB0601-6478-44D2-A39C-89B0850D7833}.Debug|Any CPU.Build.0 = Debug|Any CPU
		{EAAB0601-6478-44D2-A39C-89B0850D7833}.Release|Any CPU.ActiveCfg = Release|Any CPU
		{EAAB0601-6478-44D2-A39C-89B0850D7833}.Release|Any CPU.Build.0 = Release|Any CPU
		{B413DEAF-4FDC-416A-B3E0-968C1C8F3F83}.Debug|Any CPU.ActiveCfg = Debug|Any CPU
		{B413DEAF-4FDC-416A-B3E0-968C1C8F3F83}.Debug|Any CPU.Build.0 = Debug|Any CPU
		{B413DEAF-4FDC-416A-B3E0-968C1C8F3F83}.Release|Any CPU.ActiveCfg = Release|Any CPU
		{B413DEAF-4FDC-416A-B3E0-968C1C8F3F83}.Release|Any CPU.Build.0 = Release|Any CPU
		{F6CACA89-E8E4-45D9-B942-97FBD4ADD106}.Debug|Any CPU.ActiveCfg = Debug|Any CPU
		{F6CACA89-E8E4-45D9-B942-97FBD4ADD106}.Debug|Any CPU.Build.0 = Debug|Any CPU
		{F6CACA89-E8E4-45D9-B942-97FBD4ADD106}.Release|Any CPU.ActiveCfg = Release|Any CPU
		{F6CACA89-E8E4-45D9-B942-97FBD4ADD106}.Release|Any CPU.Build.0 = Release|Any CPU
		{B0BDF9C2-EB9C-4090-B9A9-B703DF00CCEF}.Debug|Any CPU.ActiveCfg = Debug|Any CPU
		{B0BDF9C2-EB9C-4090-B9A9-B703DF00CCEF}.Debug|Any CPU.Build.0 = Debug|Any CPU
		{B0BDF9C2-EB9C-4090-B9A9-B703DF00CCEF}.Release|Any CPU.ActiveCfg = Release|Any CPU
		{B0BDF9C2-EB9C-4090-B9A9-B703DF00CCEF}.Release|Any CPU.Build.0 = Release|Any CPU
		{84B2143A-D04F-4262-923D-21AEDF86E2B7}.Debug|Any CPU.ActiveCfg = Debug|Any CPU
		{84B2143A-D04F-4262-923D-21AEDF86E2B7}.Debug|Any CPU.Build.0 = Debug|Any CPU
		{84B2143A-D04F-4262-923D-21AEDF86E2B7}.Release|Any CPU.ActiveCfg = Release|Any CPU
		{84B2143A-D04F-4262-923D-21AEDF86E2B7}.Release|Any CPU.Build.0 = Release|Any CPU
		{2A08A524-88DA-432F-92E6-8DC63C5376DA}.Debug|Any CPU.ActiveCfg = Debug|Any CPU
		{2A08A524-88DA-432F-92E6-8DC63C5376DA}.Debug|Any CPU.Build.0 = Debug|Any CPU
		{2A08A524-88DA-432F-92E6-8DC63C5376DA}.Release|Any CPU.ActiveCfg = Release|Any CPU
		{2A08A524-88DA-432F-92E6-8DC63C5376DA}.Release|Any CPU.Build.0 = Release|Any CPU
		{E7FDD1C9-BCF7-4624-B033-D3888E422A8B}.Debug|Any CPU.ActiveCfg = Debug|Any CPU
		{E7FDD1C9-BCF7-4624-B033-D3888E422A8B}.Debug|Any CPU.Build.0 = Debug|Any CPU
		{E7FDD1C9-BCF7-4624-B033-D3888E422A8B}.Release|Any CPU.ActiveCfg = Release|Any CPU
		{E7FDD1C9-BCF7-4624-B033-D3888E422A8B}.Release|Any CPU.Build.0 = Release|Any CPU
		{64D6F035-F186-4193-AF35-D20126B8DA64}.Debug|Any CPU.ActiveCfg = Debug|Any CPU
		{64D6F035-F186-4193-AF35-D20126B8DA64}.Debug|Any CPU.Build.0 = Debug|Any CPU
		{64D6F035-F186-4193-AF35-D20126B8DA64}.Release|Any CPU.ActiveCfg = Release|Any CPU
		{64D6F035-F186-4193-AF35-D20126B8DA64}.Release|Any CPU.Build.0 = Release|Any CPU
		{6FE33C61-E2C2-4982-9536-63AEF0A98AAA}.Debug|Any CPU.ActiveCfg = Debug|Any CPU
		{6FE33C61-E2C2-4982-9536-63AEF0A98AAA}.Debug|Any CPU.Build.0 = Debug|Any CPU
		{6FE33C61-E2C2-4982-9536-63AEF0A98AAA}.Release|Any CPU.ActiveCfg = Release|Any CPU
		{6FE33C61-E2C2-4982-9536-63AEF0A98AAA}.Release|Any CPU.Build.0 = Release|Any CPU
		{859C1085-518B-49D2-9C84-D91C4094097F}.Debug|Any CPU.ActiveCfg = Debug|Any CPU
		{859C1085-518B-49D2-9C84-D91C4094097F}.Debug|Any CPU.Build.0 = Debug|Any CPU
		{859C1085-518B-49D2-9C84-D91C4094097F}.Release|Any CPU.ActiveCfg = Release|Any CPU
		{859C1085-518B-49D2-9C84-D91C4094097F}.Release|Any CPU.Build.0 = Release|Any CPU
		{62356BCF-D15A-4BF1-B980-395CEC0004A9}.Debug|Any CPU.ActiveCfg = Debug|Any CPU
		{62356BCF-D15A-4BF1-B980-395CEC0004A9}.Debug|Any CPU.Build.0 = Debug|Any CPU
		{62356BCF-D15A-4BF1-B980-395CEC0004A9}.Release|Any CPU.ActiveCfg = Release|Any CPU
		{62356BCF-D15A-4BF1-B980-395CEC0004A9}.Release|Any CPU.Build.0 = Release|Any CPU
		{EF6A550E-DD76-4F4D-8250-8598140F828B}.Debug|Any CPU.ActiveCfg = Debug|Any CPU
		{EF6A550E-DD76-4F4D-8250-8598140F828B}.Debug|Any CPU.Build.0 = Debug|Any CPU
		{EF6A550E-DD76-4F4D-8250-8598140F828B}.Release|Any CPU.ActiveCfg = Release|Any CPU
		{EF6A550E-DD76-4F4D-8250-8598140F828B}.Release|Any CPU.Build.0 = Release|Any CPU
		{E567C031-1F7B-4637-9B3A-806988DE50CF}.Debug|Any CPU.ActiveCfg = Debug|Any CPU
		{E567C031-1F7B-4637-9B3A-806988DE50CF}.Debug|Any CPU.Build.0 = Debug|Any CPU
		{E567C031-1F7B-4637-9B3A-806988DE50CF}.Release|Any CPU.ActiveCfg = Release|Any CPU
		{E567C031-1F7B-4637-9B3A-806988DE50CF}.Release|Any CPU.Build.0 = Release|Any CPU
		{080793AD-A5AB-4228-887F-C3488552377E}.Debug|Any CPU.ActiveCfg = Debug|Any CPU
		{080793AD-A5AB-4228-887F-C3488552377E}.Debug|Any CPU.Build.0 = Debug|Any CPU
		{080793AD-A5AB-4228-887F-C3488552377E}.Release|Any CPU.ActiveCfg = Release|Any CPU
		{080793AD-A5AB-4228-887F-C3488552377E}.Release|Any CPU.Build.0 = Release|Any CPU
	EndGlobalSection
	GlobalSection(SolutionProperties) = preSolution
		HideSolutionNode = FALSE
	EndGlobalSection
	GlobalSection(NestedProjects) = preSolution
		{EAAB0601-6478-44D2-A39C-89B0850D7833} = {4FD2B635-11BD-4532-96F6-97ECB41072A1}
		{B413DEAF-4FDC-416A-B3E0-968C1C8F3F83} = {4FD2B635-11BD-4532-96F6-97ECB41072A1}
		{F6CACA89-E8E4-45D9-B942-97FBD4ADD106} = {4FD2B635-11BD-4532-96F6-97ECB41072A1}
		{B0BDF9C2-EB9C-4090-B9A9-B703DF00CCEF} = {4FD2B635-11BD-4532-96F6-97ECB41072A1}
		{84B2143A-D04F-4262-923D-21AEDF86E2B7} = {4FD2B635-11BD-4532-96F6-97ECB41072A1}
		{2A08A524-88DA-432F-92E6-8DC63C5376DA} = {4FD2B635-11BD-4532-96F6-97ECB41072A1}
		{E7FDD1C9-BCF7-4624-B033-D3888E422A8B} = {4FD2B635-11BD-4532-96F6-97ECB41072A1}
		{64D6F035-F186-4193-AF35-D20126B8DA64} = {4FD2B635-11BD-4532-96F6-97ECB41072A1}
		{6FE33C61-E2C2-4982-9536-63AEF0A98AAA} = {4FD2B635-11BD-4532-96F6-97ECB41072A1}
		{859C1085-518B-49D2-9C84-D91C4094097F} = {4FD2B635-11BD-4532-96F6-97ECB41072A1}
		{62356BCF-D15A-4BF1-B980-395CEC0004A9} = {4FD2B635-11BD-4532-96F6-97ECB41072A1}
		{EF6A550E-DD76-4F4D-8250-8598140F828B} = {4FD2B635-11BD-4532-96F6-97ECB41072A1}
		{E567C031-1F7B-4637-9B3A-806988DE50CF} = {4FD2B635-11BD-4532-96F6-97ECB41072A1}
		{080793AD-A5AB-4228-887F-C3488552377E} = {4FD2B635-11BD-4532-96F6-97ECB41072A1}
	EndGlobalSection
EndGlobal
